// !$*UTF8*$!
{
	archiveVersion = 1;
	classes = {
	};
	objectVersion = 56;
	objects = {

/* Begin PBXBuildFile section */
		8968EFB82ADEF63300786A9D /* SwiftUIViewInspectorApp.swift in Sources */ = {isa = PBXBuildFile; fileRef = 8968EFB72ADEF63300786A9D /* SwiftUIViewInspectorApp.swift */; };
		8968EFBA2ADEF63300786A9D /* SwiftUIViewInspector.swift in Sources */ = {isa = PBXBuildFile; fileRef = 8968EFB92ADEF63300786A9D /* SwiftUIViewInspector.swift */; };
		8968EFBC2ADEF63400786A9D /* Assets.xcassets in Resources */ = {isa = PBXBuildFile; fileRef = 8968EFBB2ADEF63400786A9D /* Assets.xcassets */; };
		8968EFBF2ADEF63400786A9D /* Preview Assets.xcassets in Resources */ = {isa = PBXBuildFile; fileRef = 8968EFBE2ADEF63400786A9D /* Preview Assets.xcassets */; };
		8968EFC92ADEF63400786A9D /* SwiftUIViewInspectorTests.swift in Sources */ = {isa = PBXBuildFile; fileRef = 8968EFC82ADEF63400786A9D /* SwiftUIViewInspectorTests.swift */; };
		8968EFD32ADEF63400786A9D /* SwiftUIViewInspectorUITests.swift in Sources */ = {isa = PBXBuildFile; fileRef = 8968EFD22ADEF63400786A9D /* SwiftUIViewInspectorUITests.swift */; };
		8968EFD52ADEF63400786A9D /* SwiftUIViewInspectorUITestsLaunchTests.swift in Sources */ = {isa = PBXBuildFile; fileRef = 8968EFD42ADEF63400786A9D /* SwiftUIViewInspectorUITestsLaunchTests.swift */; };
		8968EFE22ADEF66900786A9D /* Constants.swift in Sources */ = {isa = PBXBuildFile; fileRef = 8968EFE12ADEF66900786A9D /* Constants.swift */; };
		8968EFE52ADEF69700786A9D /* ViewInspector in Frameworks */ = {isa = PBXBuildFile; productRef = 8968EFE42ADEF69700786A9D /* ViewInspector */; };
/* End PBXBuildFile section */

/* Begin PBXContainerItemProxy section */
		8968EFC52ADEF63400786A9D /* PBXContainerItemProxy */ = {
			isa = PBXContainerItemProxy;
			containerPortal = 8968EFAC2ADEF63300786A9D /* Project object */;
			proxyType = 1;
			remoteGlobalIDString = 8968EFB32ADEF63300786A9D;
			remoteInfo = SwiftUIViewInspector;
		};
		8968EFCF2ADEF63400786A9D /* PBXContainerItemProxy */ = {
			isa = PBXContainerItemProxy;
			containerPortal = 8968EFAC2ADEF63300786A9D /* Project object */;
			proxyType = 1;
			remoteGlobalIDString = 8968EFB32ADEF63300786A9D;
			remoteInfo = SwiftUIViewInspector;
		};
/* End PBXContainerItemProxy section */

/* Begin PBXFileReference section */
		8968EFB42ADEF63300786A9D /* SwiftUIViewInspector.app */ = {isa = PBXFileReference; explicitFileType = wrapper.application; includeInIndex = 0; path = SwiftUIViewInspector.app; sourceTree = BUILT_PRODUCTS_DIR; };
		8968EFB72ADEF63300786A9D /* SwiftUIViewInspectorApp.swift */ = {isa = PBXFileReference; lastKnownFileType = sourcecode.swift; path = SwiftUIViewInspectorApp.swift; sourceTree = "<group>"; };
		8968EFB92ADEF63300786A9D /* SwiftUIViewInspector.swift */ = {isa = PBXFileReference; lastKnownFileType = sourcecode.swift; path = SwiftUIViewInspector.swift; sourceTree = "<group>"; };
		8968EFBB2ADEF63400786A9D /* Assets.xcassets */ = {isa = PBXFileReference; lastKnownFileType = folder.assetcatalog; path = Assets.xcassets; sourceTree = "<group>"; };
		8968EFBE2ADEF63400786A9D /* Preview Assets.xcassets */ = {isa = PBXFileReference; lastKnownFileType = folder.assetcatalog; path = "Preview Assets.xcassets"; sourceTree = "<group>"; };
		8968EFC42ADEF63400786A9D /* SwiftUIViewInspectorTests.xctest */ = {isa = PBXFileReference; explicitFileType = wrapper.cfbundle; includeInIndex = 0; path = SwiftUIViewInspectorTests.xctest; sourceTree = BUILT_PRODUCTS_DIR; };
		8968EFC82ADEF63400786A9D /* SwiftUIViewInspectorTests.swift */ = {isa = PBXFileReference; lastKnownFileType = sourcecode.swift; path = SwiftUIViewInspectorTests.swift; sourceTree = "<group>"; };
		8968EFCE2ADEF63400786A9D /* SwiftUIViewInspectorUITests.xctest */ = {isa = PBXFileReference; explicitFileType = wrapper.cfbundle; includeInIndex = 0; path = SwiftUIViewInspectorUITests.xctest; sourceTree = BUILT_PRODUCTS_DIR; };
		8968EFD22ADEF63400786A9D /* SwiftUIViewInspectorUITests.swift */ = {isa = PBXFileReference; lastKnownFileType = sourcecode.swift; path = SwiftUIViewInspectorUITests.swift; sourceTree = "<group>"; };
		8968EFD42ADEF63400786A9D /* SwiftUIViewInspectorUITestsLaunchTests.swift */ = {isa = PBXFileReference; lastKnownFileType = sourcecode.swift; path = SwiftUIViewInspectorUITestsLaunchTests.swift; sourceTree = "<group>"; };
		8968EFE12ADEF66900786A9D /* Constants.swift */ = {isa = PBXFileReference; lastKnownFileType = sourcecode.swift; path = Constants.swift; sourceTree = "<group>"; };
/* End PBXFileReference section */

/* Begin PBXFrameworksBuildPhase section */
		8968EFB12ADEF63300786A9D /* Frameworks */ = {
			isa = PBXFrameworksBuildPhase;
			buildActionMask = 2147483647;
			files = (
			);
			runOnlyForDeploymentPostprocessing = 0;
		};
		8968EFC12ADEF63400786A9D /* Frameworks */ = {
			isa = PBXFrameworksBuildPhase;
			buildActionMask = 2147483647;
			files = (
				8968EFE52ADEF69700786A9D /* ViewInspector in Frameworks */,
			);
			runOnlyForDeploymentPostprocessing = 0;
		};
		8968EFCB2ADEF63400786A9D /* Frameworks */ = {
			isa = PBXFrameworksBuildPhase;
			buildActionMask = 2147483647;
			files = (
			);
			runOnlyForDeploymentPostprocessing = 0;
		};
/* End PBXFrameworksBuildPhase section */

/* Begin PBXGroup section */
		8968EFAB2ADEF63300786A9D = {
			isa = PBXGroup;
			children = (
				8968EFB62ADEF63300786A9D /* SwiftUIViewInspector */,
				8968EFC72ADEF63400786A9D /* SwiftUIViewInspectorTests */,
				8968EFD12ADEF63400786A9D /* SwiftUIViewInspectorUITests */,
				8968EFB52ADEF63300786A9D /* Products */,
			);
			sourceTree = "<group>";
		};
		8968EFB52ADEF63300786A9D /* Products */ = {
			isa = PBXGroup;
			children = (
				8968EFB42ADEF63300786A9D /* SwiftUIViewInspector.app */,
				8968EFC42ADEF63400786A9D /* SwiftUIViewInspectorTests.xctest */,
				8968EFCE2ADEF63400786A9D /* SwiftUIViewInspectorUITests.xctest */,
			);
			name = Products;
			sourceTree = "<group>";
		};
		8968EFB62ADEF63300786A9D /* SwiftUIViewInspector */ = {
			isa = PBXGroup;
			children = (
				8968EFB72ADEF63300786A9D /* SwiftUIViewInspectorApp.swift */,
				8968EFB92ADEF63300786A9D /* SwiftUIViewInspector.swift */,
				8968EFE12ADEF66900786A9D /* Constants.swift */,
				8968EFBB2ADEF63400786A9D /* Assets.xcassets */,
				8968EFBD2ADEF63400786A9D /* Preview Content */,
			);
			path = SwiftUIViewInspector;
			sourceTree = "<group>";
		};
		8968EFBD2ADEF63400786A9D /* Preview Content */ = {
			isa = PBXGroup;
			children = (
				8968EFBE2ADEF63400786A9D /* Preview Assets.xcassets */,
			);
			path = "Preview Content";
			sourceTree = "<group>";
		};
		8968EFC72ADEF63400786A9D /* SwiftUIViewInspectorTests */ = {
			isa = PBXGroup;
			children = (
				8968EFC82ADEF63400786A9D /* SwiftUIViewInspectorTests.swift */,
			);
			path = SwiftUIViewInspectorTests;
			sourceTree = "<group>";
		};
		8968EFD12ADEF63400786A9D /* SwiftUIViewInspectorUITests */ = {
			isa = PBXGroup;
			children = (
				8968EFD22ADEF63400786A9D /* SwiftUIViewInspectorUITests.swift */,
				8968EFD42ADEF63400786A9D /* SwiftUIViewInspectorUITestsLaunchTests.swift */,
			);
			path = SwiftUIViewInspectorUITests;
			sourceTree = "<group>";
		};
/* End PBXGroup section */

/* Begin PBXNativeTarget section */
		8968EFB32ADEF63300786A9D /* SwiftUIViewInspector */ = {
			isa = PBXNativeTarget;
			buildConfigurationList = 8968EFD82ADEF63400786A9D /* Build configuration list for PBXNativeTarget "SwiftUIViewInspector" */;
			buildPhases = (
				8968EFB02ADEF63300786A9D /* Sources */,
				8968EFB12ADEF63300786A9D /* Frameworks */,
				8968EFB22ADEF63300786A9D /* Resources */,
			);
			buildRules = (
			);
			dependencies = (
			);
			name = SwiftUIViewInspector;
			productName = SwiftUIViewInspector;
			productReference = 8968EFB42ADEF63300786A9D /* SwiftUIViewInspector.app */;
			productType = "com.apple.product-type.application";
		};
		8968EFC32ADEF63400786A9D /* SwiftUIViewInspectorTests */ = {
			isa = PBXNativeTarget;
			buildConfigurationList = 8968EFDB2ADEF63400786A9D /* Build configuration list for PBXNativeTarget "SwiftUIViewInspectorTests" */;
			buildPhases = (
				8968EFC02ADEF63400786A9D /* Sources */,
				8968EFC12ADEF63400786A9D /* Frameworks */,
				8968EFC22ADEF63400786A9D /* Resources */,
			);
			buildRules = (
			);
			dependencies = (
				8968EFC62ADEF63400786A9D /* PBXTargetDependency */,
			);
			name = SwiftUIViewInspectorTests;
			packageProductDependencies = (
				8968EFE42ADEF69700786A9D /* ViewInspector */,
			);
			productName = SwiftUIViewInspectorTests;
			productReference = 8968EFC42ADEF63400786A9D /* SwiftUIViewInspectorTests.xctest */;
			productType = "com.apple.product-type.bundle.unit-test";
		};
		8968EFCD2ADEF63400786A9D /* SwiftUIViewInspectorUITests */ = {
			isa = PBXNativeTarget;
			buildConfigurationList = 8968EFDE2ADEF63400786A9D /* Build configuration list for PBXNativeTarget "SwiftUIViewInspectorUITests" */;
			buildPhases = (
				8968EFCA2ADEF63400786A9D /* Sources */,
				8968EFCB2ADEF63400786A9D /* Frameworks */,
				8968EFCC2ADEF63400786A9D /* Resources */,
			);
			buildRules = (
			);
			dependencies = (
				8968EFD02ADEF63400786A9D /* PBXTargetDependency */,
			);
			name = SwiftUIViewInspectorUITests;
			productName = SwiftUIViewInspectorUITests;
			productReference = 8968EFCE2ADEF63400786A9D /* SwiftUIViewInspectorUITests.xctest */;
			productType = "com.apple.product-type.bundle.ui-testing";
		};
/* End PBXNativeTarget section */

/* Begin PBXProject section */
		8968EFAC2ADEF63300786A9D /* Project object */ = {
			isa = PBXProject;
			attributes = {
				BuildIndependentTargetsInParallel = 1;
				LastSwiftUpdateCheck = 1500;
				LastUpgradeCheck = 1500;
				TargetAttributes = {
					8968EFB32ADEF63300786A9D = {
						CreatedOnToolsVersion = 15.0;
					};
					8968EFC32ADEF63400786A9D = {
						CreatedOnToolsVersion = 15.0;
						TestTargetID = 8968EFB32ADEF63300786A9D;
					};
					8968EFCD2ADEF63400786A9D = {
						CreatedOnToolsVersion = 15.0;
						TestTargetID = 8968EFB32ADEF63300786A9D;
					};
				};
			};
			buildConfigurationList = 8968EFAF2ADEF63300786A9D /* Build configuration list for PBXProject "SwiftUIViewInspector" */;
			compatibilityVersion = "Xcode 14.0";
			developmentRegion = en;
			hasScannedForEncodings = 0;
			knownRegions = (
				en,
				Base,
			);
			mainGroup = 8968EFAB2ADEF63300786A9D;
			packageReferences = (
				8968EFE32ADEF69700786A9D /* XCRemoteSwiftPackageReference "ViewInspector" */,
			);
			productRefGroup = 8968EFB52ADEF63300786A9D /* Products */;
			projectDirPath = "";
			projectRoot = "";
			targets = (
				8968EFB32ADEF63300786A9D /* SwiftUIViewInspector */,
				8968EFC32ADEF63400786A9D /* SwiftUIViewInspectorTests */,
				8968EFCD2ADEF63400786A9D /* SwiftUIViewInspectorUITests */,
			);
		};
/* End PBXProject section */

/* Begin PBXResourcesBuildPhase section */
		8968EFB22ADEF63300786A9D /* Resources */ = {
			isa = PBXResourcesBuildPhase;
			buildActionMask = 2147483647;
			files = (
				8968EFBF2ADEF63400786A9D /* Preview Assets.xcassets in Resources */,
				8968EFBC2ADEF63400786A9D /* Assets.xcassets in Resources */,
			);
			runOnlyForDeploymentPostprocessing = 0;
		};
		8968EFC22ADEF63400786A9D /* Resources */ = {
			isa = PBXResourcesBuildPhase;
			buildActionMask = 2147483647;
			files = (
			);
			runOnlyForDeploymentPostprocessing = 0;
		};
		8968EFCC2ADEF63400786A9D /* Resources */ = {
			isa = PBXResourcesBuildPhase;
			buildActionMask = 2147483647;
			files = (
			);
			runOnlyForDeploymentPostprocessing = 0;
		};
/* End PBXResourcesBuildPhase section */

/* Begin PBXSourcesBuildPhase section */
		8968EFB02ADEF63300786A9D /* Sources */ = {
			isa = PBXSourcesBuildPhase;
			buildActionMask = 2147483647;
			files = (
				8968EFBA2ADEF63300786A9D /* SwiftUIViewInspector.swift in Sources */,
				8968EFB82ADEF63300786A9D /* SwiftUIViewInspectorApp.swift in Sources */,
				8968EFE22ADEF66900786A9D /* Constants.swift in Sources */,
			);
			runOnlyForDeploymentPostprocessing = 0;
		};
		8968EFC02ADEF63400786A9D /* Sources */ = {
			isa = PBXSourcesBuildPhase;
			buildActionMask = 2147483647;
			files = (
				8968EFC92ADEF63400786A9D /* SwiftUIViewInspectorTests.swift in Sources */,
			);
			runOnlyForDeploymentPostprocessing = 0;
		};
		8968EFCA2ADEF63400786A9D /* Sources */ = {
			isa = PBXSourcesBuildPhase;
			buildActionMask = 2147483647;
			files = (
				8968EFD32ADEF63400786A9D /* SwiftUIViewInspectorUITests.swift in Sources */,
				8968EFD52ADEF63400786A9D /* SwiftUIViewInspectorUITestsLaunchTests.swift in Sources */,
			);
			runOnlyForDeploymentPostprocessing = 0;
		};
/* End PBXSourcesBuildPhase section */

/* Begin PBXTargetDependency section */
		8968EFC62ADEF63400786A9D /* PBXTargetDependency */ = {
			isa = PBXTargetDependency;
			target = 8968EFB32ADEF63300786A9D /* SwiftUIViewInspector */;
			targetProxy = 8968EFC52ADEF63400786A9D /* PBXContainerItemProxy */;
		};
		8968EFD02ADEF63400786A9D /* PBXTargetDependency */ = {
			isa = PBXTargetDependency;
			target = 8968EFB32ADEF63300786A9D /* SwiftUIViewInspector */;
			targetProxy = 8968EFCF2ADEF63400786A9D /* PBXContainerItemProxy */;
		};
/* End PBXTargetDependency section */

/* Begin XCBuildConfiguration section */
		8968EFD62ADEF63400786A9D /* Debug */ = {
			isa = XCBuildConfiguration;
			buildSettings = {
				ALWAYS_SEARCH_USER_PATHS = NO;
				ASSETCATALOG_COMPILER_GENERATE_SWIFT_ASSET_SYMBOL_EXTENSIONS = YES;
				CLANG_ANALYZER_NONNULL = YES;
				CLANG_ANALYZER_NUMBER_OBJECT_CONVERSION = YES_AGGRESSIVE;
				CLANG_CXX_LANGUAGE_STANDARD = "gnu++20";
				CLANG_ENABLE_MODULES = YES;
				CLANG_ENABLE_OBJC_ARC = YES;
				CLANG_ENABLE_OBJC_WEAK = YES;
				CLANG_WARN_BLOCK_CAPTURE_AUTORELEASING = YES;
				CLANG_WARN_BOOL_CONVERSION = YES;
				CLANG_WARN_COMMA = YES;
				CLANG_WARN_CONSTANT_CONVERSION = YES;
				CLANG_WARN_DEPRECATED_OBJC_IMPLEMENTATIONS = YES;
				CLANG_WARN_DIRECT_OBJC_ISA_USAGE = YES_ERROR;
				CLANG_WARN_DOCUMENTATION_COMMENTS = YES;
				CLANG_WARN_EMPTY_BODY = YES;
				CLANG_WARN_ENUM_CONVERSION = YES;
				CLANG_WARN_INFINITE_RECURSION = YES;
				CLANG_WARN_INT_CONVERSION = YES;
				CLANG_WARN_NON_LITERAL_NULL_CONVERSION = YES;
				CLANG_WARN_OBJC_IMPLICIT_RETAIN_SELF = YES;
				CLANG_WARN_OBJC_LITERAL_CONVERSION = YES;
				CLANG_WARN_OBJC_ROOT_CLASS = YES_ERROR;
				CLANG_WARN_QUOTED_INCLUDE_IN_FRAMEWORK_HEADER = YES;
				CLANG_WARN_RANGE_LOOP_ANALYSIS = YES;
				CLANG_WARN_STRICT_PROTOTYPES = YES;
				CLANG_WARN_SUSPICIOUS_MOVE = YES;
				CLANG_WARN_UNGUARDED_AVAILABILITY = YES_AGGRESSIVE;
				CLANG_WARN_UNREACHABLE_CODE = YES;
				CLANG_WARN__DUPLICATE_METHOD_MATCH = YES;
				COPY_PHASE_STRIP = NO;
				DEBUG_INFORMATION_FORMAT = dwarf;
				ENABLE_STRICT_OBJC_MSGSEND = YES;
				ENABLE_TESTABILITY = YES;
				ENABLE_USER_SCRIPT_SANDBOXING = YES;
				GCC_C_LANGUAGE_STANDARD = gnu17;
				GCC_DYNAMIC_NO_PIC = NO;
				GCC_NO_COMMON_BLOCKS = YES;
				GCC_OPTIMIZATION_LEVEL = 0;
				GCC_PREPROCESSOR_DEFINITIONS = (
					"DEBUG=1",
					"$(inherited)",
				);
				GCC_WARN_64_TO_32_BIT_CONVERSION = YES;
				GCC_WARN_ABOUT_RETURN_TYPE = YES_ERROR;
				GCC_WARN_UNDECLARED_SELECTOR = YES;
				GCC_WARN_UNINITIALIZED_AUTOS = YES_AGGRESSIVE;
				GCC_WARN_UNUSED_FUNCTION = YES;
				GCC_WARN_UNUSED_VARIABLE = YES;
				IPHONEOS_DEPLOYMENT_TARGET = 17.0;
				LOCALIZATION_PREFERS_STRING_CATALOGS = YES;
				MTL_ENABLE_DEBUG_INFO = INCLUDE_SOURCE;
				MTL_FAST_MATH = YES;
				ONLY_ACTIVE_ARCH = YES;
				SDKROOT = iphoneos;
				SWIFT_ACTIVE_COMPILATION_CONDITIONS = "DEBUG $(inherited)";
				SWIFT_OPTIMIZATION_LEVEL = "-Onone";
			};
			name = Debug;
		};
		8968EFD72ADEF63400786A9D /* Release */ = {
			isa = XCBuildConfiguration;
			buildSettings = {
				ALWAYS_SEARCH_USER_PATHS = NO;
				ASSETCATALOG_COMPILER_GENERATE_SWIFT_ASSET_SYMBOL_EXTENSIONS = YES;
				CLANG_ANALYZER_NONNULL = YES;
				CLANG_ANALYZER_NUMBER_OBJECT_CONVERSION = YES_AGGRESSIVE;
				CLANG_CXX_LANGUAGE_STANDARD = "gnu++20";
				CLANG_ENABLE_MODULES = YES;
				CLANG_ENABLE_OBJC_ARC = YES;
				CLANG_ENABLE_OBJC_WEAK = YES;
				CLANG_WARN_BLOCK_CAPTURE_AUTORELEASING = YES;
				CLANG_WARN_BOOL_CONVERSION = YES;
				CLANG_WARN_COMMA = YES;
				CLANG_WARN_CONSTANT_CONVERSION = YES;
				CLANG_WARN_DEPRECATED_OBJC_IMPLEMENTATIONS = YES;
				CLANG_WARN_DIRECT_OBJC_ISA_USAGE = YES_ERROR;
				CLANG_WARN_DOCUMENTATION_COMMENTS = YES;
				CLANG_WARN_EMPTY_BODY = YES;
				CLANG_WARN_ENUM_CONVERSION = YES;
				CLANG_WARN_INFINITE_RECURSION = YES;
				CLANG_WARN_INT_CONVERSION = YES;
				CLANG_WARN_NON_LITERAL_NULL_CONVERSION = YES;
				CLANG_WARN_OBJC_IMPLICIT_RETAIN_SELF = YES;
				CLANG_WARN_OBJC_LITERAL_CONVERSION = YES;
				CLANG_WARN_OBJC_ROOT_CLASS = YES_ERROR;
				CLANG_WARN_QUOTED_INCLUDE_IN_FRAMEWORK_HEADER = YES;
				CLANG_WARN_RANGE_LOOP_ANALYSIS = YES;
				CLANG_WARN_STRICT_PROTOTYPES = YES;
				CLANG_WARN_SUSPICIOUS_MOVE = YES;
				CLANG_WARN_UNGUARDED_AVAILABILITY = YES_AGGRESSIVE;
				CLANG_WARN_UNREACHABLE_CODE = YES;
				CLANG_WARN__DUPLICATE_METHOD_MATCH = YES;
				COPY_PHASE_STRIP = NO;
				DEBUG_INFORMATION_FORMAT = "dwarf-with-dsym";
				ENABLE_NS_ASSERTIONS = NO;
				ENABLE_STRICT_OBJC_MSGSEND = YES;
				ENABLE_USER_SCRIPT_SANDBOXING = YES;
				GCC_C_LANGUAGE_STANDARD = gnu17;
				GCC_NO_COMMON_BLOCKS = YES;
				GCC_WARN_64_TO_32_BIT_CONVERSION = YES;
				GCC_WARN_ABOUT_RETURN_TYPE = YES_ERROR;
				GCC_WARN_UNDECLARED_SELECTOR = YES;
				GCC_WARN_UNINITIALIZED_AUTOS = YES_AGGRESSIVE;
				GCC_WARN_UNUSED_FUNCTION = YES;
				GCC_WARN_UNUSED_VARIABLE = YES;
				IPHONEOS_DEPLOYMENT_TARGET = 17.0;
				LOCALIZATION_PREFERS_STRING_CATALOGS = YES;
				MTL_ENABLE_DEBUG_INFO = NO;
				MTL_FAST_MATH = YES;
				SDKROOT = iphoneos;
				SWIFT_COMPILATION_MODE = wholemodule;
				VALIDATE_PRODUCT = YES;
			};
			name = Release;
		};
		8968EFD92ADEF63400786A9D /* Debug */ = {
			isa = XCBuildConfiguration;
			buildSettings = {
				ASSETCATALOG_COMPILER_APPICON_NAME = AppIcon;
				ASSETCATALOG_COMPILER_GLOBAL_ACCENT_COLOR_NAME = AccentColor;
				CODE_SIGN_STYLE = Automatic;
				CURRENT_PROJECT_VERSION = 1;
				DEVELOPMENT_ASSET_PATHS = "\"SwiftUIViewInspector/Preview Content\"";
				ENABLE_PREVIEWS = YES;
				GENERATE_INFOPLIST_FILE = YES;
				INFOPLIST_KEY_UIApplicationSceneManifest_Generation = YES;
				INFOPLIST_KEY_UIApplicationSupportsIndirectInputEvents = YES;
				INFOPLIST_KEY_UILaunchScreen_Generation = YES;
				INFOPLIST_KEY_UISupportedInterfaceOrientations_iPad = "UIInterfaceOrientationPortrait UIInterfaceOrientationPortraitUpsideDown UIInterfaceOrientationLandscapeLeft UIInterfaceOrientationLandscapeRight";
				INFOPLIST_KEY_UISupportedInterfaceOrientations_iPhone = "UIInterfaceOrientationPortrait UIInterfaceOrientationLandscapeLeft UIInterfaceOrientationLandscapeRight";
				LD_RUNPATH_SEARCH_PATHS = (
					"$(inherited)",
					"@executable_path/Frameworks",
				);
				MARKETING_VERSION = 1.0;
				PRODUCT_BUNDLE_IDENTIFIER = com.sachin.SwiftUIViewInspector;
				PRODUCT_NAME = "$(TARGET_NAME)";
				SWIFT_EMIT_LOC_STRINGS = YES;
				SWIFT_VERSION = 5.0;
				TARGETED_DEVICE_FAMILY = "1,2";
			};
			name = Debug;
		};
		8968EFDA2ADEF63400786A9D /* Release */ = {
			isa = XCBuildConfiguration;
			buildSettings = {
				ASSETCATALOG_COMPILER_APPICON_NAME = AppIcon;
				ASSETCATALOG_COMPILER_GLOBAL_ACCENT_COLOR_NAME = AccentColor;
				CODE_SIGN_STYLE = Automatic;
				CURRENT_PROJECT_VERSION = 1;
				DEVELOPMENT_ASSET_PATHS = "\"SwiftUIViewInspector/Preview Content\"";
				ENABLE_PREVIEWS = YES;
				GENERATE_INFOPLIST_FILE = YES;
				INFOPLIST_KEY_UIApplicationSceneManifest_Generation = YES;
				INFOPLIST_KEY_UIApplicationSupportsIndirectInputEvents = YES;
				INFOPLIST_KEY_UILaunchScreen_Generation = YES;
				INFOPLIST_KEY_UISupportedInterfaceOrientations_iPad = "UIInterfaceOrientationPortrait UIInterfaceOrientationPortraitUpsideDown UIInterfaceOrientationLandscapeLeft UIInterfaceOrientationLandscapeRight";
				INFOPLIST_KEY_UISupportedInterfaceOrientations_iPhone = "UIInterfaceOrientationPortrait UIInterfaceOrientationLandscapeLeft UIInterfaceOrientationLandscapeRight";
				LD_RUNPATH_SEARCH_PATHS = (
					"$(inherited)",
					"@executable_path/Frameworks",
				);
				MARKETING_VERSION = 1.0;
				PRODUCT_BUNDLE_IDENTIFIER = com.sachin.SwiftUIViewInspector;
				PRODUCT_NAME = "$(TARGET_NAME)";
				SWIFT_EMIT_LOC_STRINGS = YES;
				SWIFT_VERSION = 5.0;
				TARGETED_DEVICE_FAMILY = "1,2";
			};
			name = Release;
		};
		8968EFDC2ADEF63400786A9D /* Debug */ = {
			isa = XCBuildConfiguration;
			buildSettings = {
				ALWAYS_EMBED_SWIFT_STANDARD_LIBRARIES = YES;
				BUNDLE_LOADER = "$(TEST_HOST)";
				CODE_SIGN_STYLE = Automatic;
				CURRENT_PROJECT_VERSION = 1;
				GENERATE_INFOPLIST_FILE = YES;
				IPHONEOS_DEPLOYMENT_TARGET = 17.0;
				MARKETING_VERSION = 1.0;
				PRODUCT_BUNDLE_IDENTIFIER = com.sachin.SwiftUIViewInspectorTests;
				PRODUCT_NAME = "$(TARGET_NAME)";
				SWIFT_EMIT_LOC_STRINGS = NO;
				SWIFT_VERSION = 5.0;
				TARGETED_DEVICE_FAMILY = "1,2";
				TEST_HOST = "$(BUILT_PRODUCTS_DIR)/SwiftUIViewInspector.app/$(BUNDLE_EXECUTABLE_FOLDER_PATH)/SwiftUIViewInspector";
			};
			name = Debug;
		};
		8968EFDD2ADEF63400786A9D /* Release */ = {
			isa = XCBuildConfiguration;
			buildSettings = {
				ALWAYS_EMBED_SWIFT_STANDARD_LIBRARIES = YES;
				BUNDLE_LOADER = "$(TEST_HOST)";
				CODE_SIGN_STYLE = Automatic;
				CURRENT_PROJECT_VERSION = 1;
				GENERATE_INFOPLIST_FILE = YES;
				IPHONEOS_DEPLOYMENT_TARGET = 17.0;
				MARKETING_VERSION = 1.0;
				PRODUCT_BUNDLE_IDENTIFIER = com.sachin.SwiftUIViewInspectorTests;
				PRODUCT_NAME = "$(TARGET_NAME)";
				SWIFT_EMIT_LOC_STRINGS = NO;
				SWIFT_VERSION = 5.0;
				TARGETED_DEVICE_FAMILY = "1,2";
				TEST_HOST = "$(BUILT_PRODUCTS_DIR)/SwiftUIViewInspector.app/$(BUNDLE_EXECUTABLE_FOLDER_PATH)/SwiftUIViewInspector";
			};
			name = Release;
		};
		8968EFDF2ADEF63400786A9D /* Debug */ = {
			isa = XCBuildConfiguration;
			buildSettings = {
				ALWAYS_EMBED_SWIFT_STANDARD_LIBRARIES = YES;
				CODE_SIGN_STYLE = Automatic;
				CURRENT_PROJECT_VERSION = 1;
				GENERATE_INFOPLIST_FILE = YES;
				MARKETING_VERSION = 1.0;
				PRODUCT_BUNDLE_IDENTIFIER = com.sachin.SwiftUIViewInspectorUITests;
				PRODUCT_NAME = "$(TARGET_NAME)";
				SWIFT_EMIT_LOC_STRINGS = NO;
				SWIFT_VERSION = 5.0;
				TARGETED_DEVICE_FAMILY = "1,2";
				TEST_TARGET_NAME = SwiftUIViewInspector;
			};
			name = Debug;
		};
		8968EFE02ADEF63400786A9D /* Release */ = {
			isa = XCBuildConfiguration;
			buildSettings = {
				ALWAYS_EMBED_SWIFT_STANDARD_LIBRARIES = YES;
				CODE_SIGN_STYLE = Automatic;
				CURRENT_PROJECT_VERSION = 1;
				GENERATE_INFOPLIST_FILE = YES;
				MARKETING_VERSION = 1.0;
				PRODUCT_BUNDLE_IDENTIFIER = com.sachin.SwiftUIViewInspectorUITests;
				PRODUCT_NAME = "$(TARGET_NAME)";
				SWIFT_EMIT_LOC_STRINGS = NO;
				SWIFT_VERSION = 5.0;
				TARGETED_DEVICE_FAMILY = "1,2";
				TEST_TARGET_NAME = SwiftUIViewInspector;
			};
			name = Release;
		};
/* End XCBuildConfiguration section */

/* Begin XCConfigurationList section */
		8968EFAF2ADEF63300786A9D /* Build configuration list for PBXProject "SwiftUIViewInspector" */ = {
			isa = XCConfigurationList;
			buildConfigurations = (
				8968EFD62ADEF63400786A9D /* Debug */,
				8968EFD72ADEF63400786A9D /* Release */,
			);
			defaultConfigurationIsVisible = 0;
			defaultConfigurationName = Release;
		};
		8968EFD82ADEF63400786A9D /* Build configuration list for PBXNativeTarget "SwiftUIViewInspector" */ = {
			isa = XCConfigurationList;
			buildConfigurations = (
				8968EFD92ADEF63400786A9D /* Debug */,
				8968EFDA2ADEF63400786A9D /* Release */,
			);
			defaultConfigurationIsVisible = 0;
			defaultConfigurationName = Release;
		};
		8968EFDB2ADEF63400786A9D /* Build configuration list for PBXNativeTarget "SwiftUIViewInspectorTests" */ = {
			isa = XCConfigurationList;
			buildConfigurations = (
				8968EFDC2ADEF63400786A9D /* Debug */,
				8968EFDD2ADEF63400786A9D /* Release */,
			);
			defaultConfigurationIsVisible = 0;
			defaultConfigurationName = Release;
		};
		8968EFDE2ADEF63400786A9D /* Build configuration list for PBXNativeTarget "SwiftUIViewInspectorUITests" */ = {
			isa = XCConfigurationList;
			buildConfigurations = (
				8968EFDF2ADEF63400786A9D /* Debug */,
				8968EFE02ADEF63400786A9D /* Release */,
			);
			defaultConfigurationIsVisible = 0;
			defaultConfigurationName = Release;
		};
/* End XCConfigurationList section */

/* Begin XCRemoteSwiftPackageReference section */
		8968EFE32ADEF69700786A9D /* XCRemoteSwiftPackageReference "ViewInspector" */ = {
			isa = XCRemoteSwiftPackageReference;
			repositoryURL = "https://github.com/nalexn/ViewInspector";
			requirement = {
				kind = upToNextMinorVersion;
				minimumVersion = 0.9.8;
			};
		};
/* End XCRemoteSwiftPackageReference section */

/* Begin XCSwiftPackageProductDependency section */
		8968EFE42ADEF69700786A9D /* ViewInspector */ = {
			isa = XCSwiftPackageProductDependency;
			package = 8968EFE32ADEF69700786A9D /* XCRemoteSwiftPackageReference "ViewInspector" */;
			productName = ViewInspector;
		};
/* End XCSwiftPackageProductDependency section */
	};
	rootObject = 8968EFAC2ADEF63300786A9D /* Project object */;
}
